
Microsoft Visual Studio Solution File, Format Version 12.00
# Visual Studio Version 16
VisualStudioVersion = 16.0.30503.244
MinimumVisualStudioVersion = 10.0.40219.1
Project("{F184B08F-C81C-45F6-A57F-5ABD9991F28F}") = "Pong", "Pong\Pong.vbproj", "{03E57E3A-D536-4526-9C58-C2B6D12747DF}"
EndProject
Global
	GlobalSection(SolutionConfigurationPlatforms) = preSolution
		Debug|Any CPU = Debug|Any CPU
		Release|Any CPU = Release|Any CPU
	EndGlobalSection
	GlobalSection(ProjectConfigurationPlatforms) = postSolution
		{03E57E3A-D536-4526-9C58-C2B6D12747DF}.Debug|Any CPU.ActiveCfg = Debug|Any CPU
		{03E57E3A-D536-4526-9C58-C2B6D12747DF}.Debug|Any CPU.Build.0 = Debug|Any CPU
		{03E57E3A-D536-4526-9C58-C2B6D12747DF}.Release|Any CPU.ActiveCfg = Release|Any CPU
		{03E57E3A-D536-4526-9C58-C2B6D12747DF}.Release|Any CPU.Build.0 = Release|Any CPU
	EndGlobalSection
	GlobalSection(SolutionProperties) = preSolution
		HideSolutionNode = FALSE
	EndGlobalSection
	GlobalSection(ExtensibilityGlobals) = postSolution
		SolutionGuid = {8F92EF8C-1A01-4F27-AED7-09ADA4B9C6A2}
	EndGlobalSection
EndGlobal
